
Microsoft Visual Studio Solution File, Format Version 12.00
# Visual Studio Version 16
VisualStudioVersion = 16.0.30907.101
MinimumVisualStudioVersion = 10.0.40219.1
Project("{FAE04EC0-301F-11D3-BF4B-00C04F79EFBC}") = "testBarco", "testBarco\testBarco.csproj", "{F3B823B5-8F77-4118-BB8F-F27D5A3FDE20}"
EndProject
Global
	GlobalSection(SolutionConfigurationPlatforms) = preSolution
		Debug|Any CPU = Debug|Any CPU
		Release|Any CPU = Release|Any CPU
	EndGlobalSection
	GlobalSection(ProjectConfigurationPlatforms) = postSolution
		{F3B823B5-8F77-4118-BB8F-F27D5A3FDE20}.Debug|Any CPU.ActiveCfg = Debug|Any CPU
		{F3B823B5-8F77-4118-BB8F-F27D5A3FDE20}.Debug|Any CPU.Build.0 = Debug|Any CPU
		{F3B823B5-8F77-4118-BB8F-F27D5A3FDE20}.Release|Any CPU.ActiveCfg = Release|Any CPU
		{F3B823B5-8F77-4118-BB8F-F27D5A3FDE20}.Release|Any CPU.Build.0 = Release|Any CPU
	EndGlobalSection
	GlobalSection(SolutionProperties) = preSolution
		HideSolutionNode = FALSE
	EndGlobalSection
	GlobalSection(ExtensibilityGlobals) = postSolution
		SolutionGuid = {0CCC79F6-8993-4B45-8C2B-DE5FBD987E48}
	EndGlobalSection
EndGlobal
